
Microsoft Visual Studio Solution File, Format Version 12.00
# Visual Studio Version 17
VisualStudioVersion = 17.2.32630.192
MinimumVisualStudioVersion = 10.0.40219.1
Project("{FAE04EC0-301F-11D3-BF4B-00C04F79EFBC}") = "TurnBasedRayLibGrid", "TurnBasedRayLibGrid.csproj", "{BB876C7E-7CE5-47A1-AD1C-DA96A7C863AA}"
EndProject
Global
	GlobalSection(SolutionConfigurationPlatforms) = preSolution
		Debug|Any CPU = Debug|Any CPU
		Release|Any CPU = Release|Any CPU
	EndGlobalSection
	GlobalSection(ProjectConfigurationPlatforms) = postSolution
		{BB876C7E-7CE5-47A1-AD1C-DA96A7C863AA}.Debug|Any CPU.ActiveCfg = Debug|Any CPU
		{BB876C7E-7CE5-47A1-AD1C-DA96A7C863AA}.Debug|Any CPU.Build.0 = Debug|Any CPU
		{BB876C7E-7CE5-47A1-AD1C-DA96A7C863AA}.Release|Any CPU.ActiveCfg = Release|Any CPU
		{BB876C7E-7CE5-47A1-AD1C-DA96A7C863AA}.Release|Any CPU.Build.0 = Release|Any CPU
	EndGlobalSection
	GlobalSection(SolutionProperties) = preSolution
		HideSolutionNode = FALSE
	EndGlobalSection
	GlobalSection(ExtensibilityGlobals) = postSolution
		SolutionGuid = {2CAF718B-F21F-45A5-861C-47C83DB58DDB}
	EndGlobalSection
EndGlobal
